{
    "name": "@helios-lang/tx-utils",
    "version": "0.1.68",
    "lockfileVersion": 3,
    "requires": true,
    "packages": {
        "": {
            "name": "@helios-lang/tx-utils",
            "version": "0.1.68",
            "license": "BSD-3-Clause",
            "dependencies": {
                "@helios-lang/codec-utils": "^0.1.30",
                "@helios-lang/crypto": "^0.1.9",
                "@helios-lang/ledger": "^0.2.7",
                "@helios-lang/type-utils": "^0.1.19",
                "@helios-lang/uplc": "^0.1.31"
            },
            "devDependencies": {
                "@types/node": "^20.12.4",
                "prettier": "^3.2.5",
                "typescript": "^5.4.4"
            }
        },
        "node_modules/@helios-lang/cbor": {
            "version": "0.1.21",
            "resolved": "https://registry.npmjs.org/@helios-lang/cbor/-/cbor-0.1.21.tgz",
            "integrity": "sha512-EHIKmN1fDPtEwjvPHCjCHf3JtCK2j09z6dwTiSI4HJ7sl62nr5Ti1B0/EkiKrahfKQnYl/wgtVyKoY/qgIJQMw==",
            "dependencies": {
                "@helios-lang/codec-utils": "^0.1.30",
                "@helios-lang/type-utils": "^0.1.18"
            }
        },
        "node_modules/@helios-lang/codec-utils": {
            "version": "0.1.30",
            "resolved": "https://registry.npmjs.org/@helios-lang/codec-utils/-/codec-utils-0.1.30.tgz",
            "integrity": "sha512-921mNdFd4LayFY1PC5vsStl8MNArkDKuGdlVUCO86qgkg76cpDvR19hxHvyoU5c1lsBdC82bTCRIreW6BP7UwQ=="
        },
        "node_modules/@helios-lang/compiler-utils": {
            "version": "0.1.25",
            "resolved": "https://registry.npmjs.org/@helios-lang/compiler-utils/-/compiler-utils-0.1.25.tgz",
            "integrity": "sha512-7J9HR1eWRrUyZMWT+uxoax76XsYjT7SHrhtSbYEkXqXGcWFmdvrk+A32R66WRF5Jn6Vv5mi116pUJ9eTwYpuUQ==",
            "dependencies": {
                "@helios-lang/codec-utils": "^0.1.30",
                "@helios-lang/type-utils": "^0.1.18"
            }
        },
        "node_modules/@helios-lang/crypto": {
            "version": "0.1.9",
            "resolved": "https://registry.npmjs.org/@helios-lang/crypto/-/crypto-0.1.9.tgz",
            "integrity": "sha512-4sXmWNbCqTejpkSh8qzeRXy+62LRQ/P4t3idMxZ3zKpz3RLNgFWiDMhSfmVBakzVbAuVVSeQrzcXTPEwq4pM/w==",
            "dependencies": {
                "@helios-lang/codec-utils": "^0.1.30"
            }
        },
        "node_modules/@helios-lang/ledger": {
            "version": "0.2.7",
            "resolved": "https://registry.npmjs.org/@helios-lang/ledger/-/ledger-0.2.7.tgz",
            "integrity": "sha512-rM9ksnhu+cSh9TM2NkRTUtXuIAoGqhLEOVCZRTcV30WBapMAL9xSo9mt3QYfrO/Q9PAvWPGNsj1u0PwTMglb0A==",
            "dependencies": {
                "@helios-lang/cbor": "^0.1.20",
                "@helios-lang/codec-utils": "^0.1.29",
                "@helios-lang/crypto": "^0.1.8",
                "@helios-lang/type-utils": "^0.1.19",
                "@helios-lang/uplc": "^0.1.30"
            }
        },
        "node_modules/@helios-lang/type-utils": {
            "version": "0.1.19",
            "resolved": "https://registry.npmjs.org/@helios-lang/type-utils/-/type-utils-0.1.19.tgz",
            "integrity": "sha512-SE3cAkscY88o8d58ozSi1LfvYwzlDRr/Tqc/pYhksqJHISQv/QPw9wtZ3saJaeDnU3d7DSp1Dgb3EDmZdqmEIg=="
        },
        "node_modules/@helios-lang/uplc": {
            "version": "0.1.31",
            "resolved": "https://registry.npmjs.org/@helios-lang/uplc/-/uplc-0.1.31.tgz",
            "integrity": "sha512-diHvx0lrROGBX75qYwk4zmC1wnnj5Ke+bmXYft2GcWPrNAejcLKyoi+xzOSVlKS9/idvpCaZVHxAI5cJbHmWjQ==",
            "dependencies": {
                "@helios-lang/cbor": "^0.1.21",
                "@helios-lang/codec-utils": "^0.1.30",
                "@helios-lang/compiler-utils": "^0.1.25",
                "@helios-lang/crypto": "^0.1.9",
                "@helios-lang/type-utils": "^0.1.18"
            }
        },
        "node_modules/@types/node": {
            "version": "20.12.4",
            "resolved": "https://registry.npmjs.org/@types/node/-/node-20.12.4.tgz",
            "integrity": "sha512-E+Fa9z3wSQpzgYQdYmme5X3OTuejnnTx88A6p6vkkJosR3KBz+HpE3kqNm98VE6cfLFcISx7zW7MsJkH6KwbTw==",
            "dev": true,
            "dependencies": {
                "undici-types": "~5.26.4"
            }
        },
        "node_modules/prettier": {
            "version": "3.2.5",
            "resolved": "https://registry.npmjs.org/prettier/-/prettier-3.2.5.tgz",
            "integrity": "sha512-3/GWa9aOC0YeD7LUfvOG2NiDyhOWRvt1k+rcKhOuYnMY24iiCphgneUfJDyFXd6rZCAnuLBv6UeAULtrhT/F4A==",
            "dev": true,
            "bin": {
                "prettier": "bin/prettier.cjs"
            },
            "engines": {
                "node": ">=14"
            },
            "funding": {
                "url": "https://github.com/prettier/prettier?sponsor=1"
            }
        },
        "node_modules/typescript": {
            "version": "5.4.4",
            "resolved": "https://registry.npmjs.org/typescript/-/typescript-5.4.4.tgz",
            "integrity": "sha512-dGE2Vv8cpVvw28v8HCPqyb08EzbBURxDpuhJvTrusShUfGnhHBafDsLdS1EhhxyL6BJQE+2cT3dDPAv+MQ6oLw==",
            "dev": true,
            "bin": {
                "tsc": "bin/tsc",
                "tsserver": "bin/tsserver"
            },
            "engines": {
                "node": ">=14.17"
            }
        },
        "node_modules/undici-types": {
            "version": "5.26.5",
            "resolved": "https://registry.npmjs.org/undici-types/-/undici-types-5.26.5.tgz",
            "integrity": "sha512-JlCMO+ehdEIKqlFxk6IfVoAUVmgz7cU7zD/h9XZ0qzeosSHmUJVOzSQvvYSYWXkFXC+IfLKSIffhv0sVZup6pA==",
            "dev": true
        }
    }
}
