{
    "name": "@helios-lang/tx-utils",
    "version": "0.1.8",
    "lockfileVersion": 3,
    "requires": true,
    "packages": {
        "": {
            "name": "@helios-lang/tx-utils",
            "version": "0.1.8",
            "license": "BSD-3-Clause",
            "dependencies": {
                "@helios-lang/codec-utils": "^0.1.27",
                "@helios-lang/crypto": "^0.1.7",
                "@helios-lang/ledger": "^0.1.34",
                "@helios-lang/type-utils": "^0.1.8",
                "@helios-lang/uplc": "^0.1.24"
            },
            "devDependencies": {
                "@types/node": "^20.12.4",
                "prettier": "^3.2.5",
                "typescript": "^5.4.4"
            }
        },
        "node_modules/@helios-lang/cbor": {
            "version": "0.1.17",
            "resolved": "https://registry.npmjs.org/@helios-lang/cbor/-/cbor-0.1.17.tgz",
            "integrity": "sha512-rQN/ht2WJq9aQ5JUwZtNSxSHm66QodmnA+dUlb8lidGPktwNg0KktadCwFk/cFWXrpfxQfGxvvO7U1hUdCCniA==",
            "dependencies": {
                "@helios-lang/codec-utils": "^0.1.25",
                "@helios-lang/type-utils": "^0.1.5"
            }
        },
        "node_modules/@helios-lang/codec-utils": {
            "version": "0.1.27",
            "resolved": "https://registry.npmjs.org/@helios-lang/codec-utils/-/codec-utils-0.1.27.tgz",
            "integrity": "sha512-7/LfvSzuOpBNd3kV2Kgu34B2D6RZ++UKBVWRaJdzU8b1pJutnwEEY9xFkI/sikx5eL1+DXe3cbRvDMLIELcuGg=="
        },
        "node_modules/@helios-lang/compiler-utils": {
            "version": "0.1.21",
            "resolved": "https://registry.npmjs.org/@helios-lang/compiler-utils/-/compiler-utils-0.1.21.tgz",
            "integrity": "sha512-fIDN+RhxhxdbEFB3OkEkYnglBrIb+wMxaKR93+TKXQ7ud5hMYA3ZYcI0LCt3Hd/LUb89jzSndjfqGqO0vqAZSQ==",
            "dependencies": {
                "@helios-lang/cbor": "^0.1.9",
                "@helios-lang/codec-utils": "^0.1.26",
                "@helios-lang/crypto": "^0.1.2",
                "@helios-lang/type-utils": "^0.1.5"
            }
        },
        "node_modules/@helios-lang/crypto": {
            "version": "0.1.7",
            "resolved": "https://registry.npmjs.org/@helios-lang/crypto/-/crypto-0.1.7.tgz",
            "integrity": "sha512-8od7nHpTsfacmklJQZtYF3ho42ot7E6YYISSeyrBz1f2LSyhHnIEzm4TyZUYMIzCllJbzojL4xNuFxKc0NKxhw==",
            "dependencies": {
                "@helios-lang/codec-utils": "^0.1.24"
            }
        },
        "node_modules/@helios-lang/ledger": {
            "version": "0.1.34",
            "resolved": "https://registry.npmjs.org/@helios-lang/ledger/-/ledger-0.1.34.tgz",
            "integrity": "sha512-WMbcrI4+yfpbcEkW+u/nJUjPtBuJBdH6b4RO+veM1RzZjVz15h4a2vfJCsyzgCk8Fxvr5lZcbZphD8rDXsIZxw==",
            "dependencies": {
                "@helios-lang/cbor": "^0.1.15",
                "@helios-lang/codec-utils": "^0.1.26",
                "@helios-lang/crypto": "^0.1.2",
                "@helios-lang/type-utils": "^0.1.6",
                "@helios-lang/uplc": "^0.1.21"
            }
        },
        "node_modules/@helios-lang/type-utils": {
            "version": "0.1.8",
            "resolved": "https://registry.npmjs.org/@helios-lang/type-utils/-/type-utils-0.1.8.tgz",
            "integrity": "sha512-zVGgJvNQHWuFfK1HLybynp6RAO31yIPkEp/ztdJJcdKS3TOVaUVAr3XHaFY8Hk2Pr7qO0lD2rvfl3Hkk+GApwQ=="
        },
        "node_modules/@helios-lang/uplc": {
            "version": "0.1.24",
            "resolved": "https://registry.npmjs.org/@helios-lang/uplc/-/uplc-0.1.24.tgz",
            "integrity": "sha512-yCXwTB5AFHQnCGYXPwS1/owCJQFPjiCpyaUW09WBaWSYZC8NxkjKRGLGk+i0H7NBe0YJGZH68lO//ubi6Op7IA==",
            "dependencies": {
                "@helios-lang/cbor": "^0.1.17",
                "@helios-lang/codec-utils": "^0.1.27",
                "@helios-lang/compiler-utils": "^0.1.21",
                "@helios-lang/crypto": "^0.1.7",
                "@helios-lang/type-utils": "^0.1.8"
            }
        },
        "node_modules/@types/node": {
            "version": "20.12.4",
            "resolved": "https://registry.npmjs.org/@types/node/-/node-20.12.4.tgz",
            "integrity": "sha512-E+Fa9z3wSQpzgYQdYmme5X3OTuejnnTx88A6p6vkkJosR3KBz+HpE3kqNm98VE6cfLFcISx7zW7MsJkH6KwbTw==",
            "dev": true,
            "dependencies": {
                "undici-types": "~5.26.4"
            }
        },
        "node_modules/prettier": {
            "version": "3.2.5",
            "resolved": "https://registry.npmjs.org/prettier/-/prettier-3.2.5.tgz",
            "integrity": "sha512-3/GWa9aOC0YeD7LUfvOG2NiDyhOWRvt1k+rcKhOuYnMY24iiCphgneUfJDyFXd6rZCAnuLBv6UeAULtrhT/F4A==",
            "dev": true,
            "bin": {
                "prettier": "bin/prettier.cjs"
            },
            "engines": {
                "node": ">=14"
            },
            "funding": {
                "url": "https://github.com/prettier/prettier?sponsor=1"
            }
        },
        "node_modules/typescript": {
            "version": "5.4.4",
            "resolved": "https://registry.npmjs.org/typescript/-/typescript-5.4.4.tgz",
            "integrity": "sha512-dGE2Vv8cpVvw28v8HCPqyb08EzbBURxDpuhJvTrusShUfGnhHBafDsLdS1EhhxyL6BJQE+2cT3dDPAv+MQ6oLw==",
            "dev": true,
            "bin": {
                "tsc": "bin/tsc",
                "tsserver": "bin/tsserver"
            },
            "engines": {
                "node": ">=14.17"
            }
        },
        "node_modules/undici-types": {
            "version": "5.26.5",
            "resolved": "https://registry.npmjs.org/undici-types/-/undici-types-5.26.5.tgz",
            "integrity": "sha512-JlCMO+ehdEIKqlFxk6IfVoAUVmgz7cU7zD/h9XZ0qzeosSHmUJVOzSQvvYSYWXkFXC+IfLKSIffhv0sVZup6pA==",
            "dev": true
        }
    }
}
