{
    "name": "@helios-lang/tx-utils",
    "version": "0.1.43",
    "lockfileVersion": 3,
    "requires": true,
    "packages": {
        "": {
            "name": "@helios-lang/tx-utils",
            "version": "0.1.43",
            "license": "BSD-3-Clause",
            "dependencies": {
                "@helios-lang/codec-utils": "^0.1.29",
                "@helios-lang/crypto": "^0.1.8",
                "@helios-lang/ledger": "^0.2.2",
                "@helios-lang/type-utils": "^0.1.8",
                "@helios-lang/uplc": "^0.1.27"
            },
            "devDependencies": {
                "@types/node": "^20.12.4",
                "prettier": "^3.2.5",
                "typescript": "^5.4.4"
            }
        },
        "node_modules/@helios-lang/cbor": {
            "version": "0.1.18",
            "resolved": "https://registry.npmjs.org/@helios-lang/cbor/-/cbor-0.1.18.tgz",
            "integrity": "sha512-DgHJ4PQJqGKBLSnRD3PkZ0QjSzYrQIinEuVyK5XsdLS/s95z5/2rkPxd9v/VvbfAHdZlYT1fsV3Ei/pblxuJXw==",
            "dependencies": {
                "@helios-lang/codec-utils": "^0.1.29",
                "@helios-lang/type-utils": "^0.1.8"
            }
        },
        "node_modules/@helios-lang/codec-utils": {
            "version": "0.1.29",
            "resolved": "https://registry.npmjs.org/@helios-lang/codec-utils/-/codec-utils-0.1.29.tgz",
            "integrity": "sha512-Faa9AlB61BSed3fZ8T5t/hljeJP7tWdqPOuuAKMJPoyDIPdNhMesux0jZMRTyQByKEXE2DSq3TFvQCeAsE6zng=="
        },
        "node_modules/@helios-lang/compiler-utils": {
            "version": "0.1.22",
            "resolved": "https://registry.npmjs.org/@helios-lang/compiler-utils/-/compiler-utils-0.1.22.tgz",
            "integrity": "sha512-y2BEe5Gnnag7UGFTj+mOb2GdlYvuLaaBwekgHe+tFf1HYuyhfIFdSOyRdALYnh+LjQhcFhxgHzob55uyfTxdHQ==",
            "dependencies": {
                "@helios-lang/codec-utils": "^0.1.29",
                "@helios-lang/type-utils": "^0.1.8"
            }
        },
        "node_modules/@helios-lang/crypto": {
            "version": "0.1.8",
            "resolved": "https://registry.npmjs.org/@helios-lang/crypto/-/crypto-0.1.8.tgz",
            "integrity": "sha512-06ak82XadShfEguohj9bgnlI9Dxol1Hq9s1njP7F6UJwEL3WIvm/DrMGvHzx0+jg1s50WHl2SqZnA5CC+GLdKA==",
            "dependencies": {
                "@helios-lang/codec-utils": "^0.1.29"
            }
        },
        "node_modules/@helios-lang/ledger": {
            "version": "0.2.2",
            "resolved": "https://registry.npmjs.org/@helios-lang/ledger/-/ledger-0.2.2.tgz",
            "integrity": "sha512-M4CFoWsiKgZ9NLSGm0kluxwBPpl2DZNjvoollsdLmiTHy02kbNip1YeIi2AhGzXyDMRMoIdCHpvJRhbUdqfEkg==",
            "dependencies": {
                "@helios-lang/cbor": "^0.1.18",
                "@helios-lang/codec-utils": "^0.1.29",
                "@helios-lang/crypto": "^0.1.8",
                "@helios-lang/type-utils": "^0.1.8",
                "@helios-lang/uplc": "^0.1.27"
            }
        },
        "node_modules/@helios-lang/type-utils": {
            "version": "0.1.8",
            "resolved": "https://registry.npmjs.org/@helios-lang/type-utils/-/type-utils-0.1.8.tgz",
            "integrity": "sha512-zVGgJvNQHWuFfK1HLybynp6RAO31yIPkEp/ztdJJcdKS3TOVaUVAr3XHaFY8Hk2Pr7qO0lD2rvfl3Hkk+GApwQ=="
        },
        "node_modules/@helios-lang/uplc": {
            "version": "0.1.27",
            "resolved": "https://registry.npmjs.org/@helios-lang/uplc/-/uplc-0.1.27.tgz",
            "integrity": "sha512-WqFMpc2/SvZyX0ubsw/uNI+kMIK539QbeCAOXIVdDkotqC8qqXf+MeFqRepSe5T2luY1dhTnUqlRrYExd6dmvg==",
            "dependencies": {
                "@helios-lang/cbor": "^0.1.18",
                "@helios-lang/codec-utils": "^0.1.29",
                "@helios-lang/compiler-utils": "^0.1.22",
                "@helios-lang/crypto": "^0.1.8",
                "@helios-lang/type-utils": "^0.1.8"
            }
        },
        "node_modules/@types/node": {
            "version": "20.12.4",
            "resolved": "https://registry.npmjs.org/@types/node/-/node-20.12.4.tgz",
            "integrity": "sha512-E+Fa9z3wSQpzgYQdYmme5X3OTuejnnTx88A6p6vkkJosR3KBz+HpE3kqNm98VE6cfLFcISx7zW7MsJkH6KwbTw==",
            "dev": true,
            "dependencies": {
                "undici-types": "~5.26.4"
            }
        },
        "node_modules/prettier": {
            "version": "3.2.5",
            "resolved": "https://registry.npmjs.org/prettier/-/prettier-3.2.5.tgz",
            "integrity": "sha512-3/GWa9aOC0YeD7LUfvOG2NiDyhOWRvt1k+rcKhOuYnMY24iiCphgneUfJDyFXd6rZCAnuLBv6UeAULtrhT/F4A==",
            "dev": true,
            "bin": {
                "prettier": "bin/prettier.cjs"
            },
            "engines": {
                "node": ">=14"
            },
            "funding": {
                "url": "https://github.com/prettier/prettier?sponsor=1"
            }
        },
        "node_modules/typescript": {
            "version": "5.4.4",
            "resolved": "https://registry.npmjs.org/typescript/-/typescript-5.4.4.tgz",
            "integrity": "sha512-dGE2Vv8cpVvw28v8HCPqyb08EzbBURxDpuhJvTrusShUfGnhHBafDsLdS1EhhxyL6BJQE+2cT3dDPAv+MQ6oLw==",
            "dev": true,
            "bin": {
                "tsc": "bin/tsc",
                "tsserver": "bin/tsserver"
            },
            "engines": {
                "node": ">=14.17"
            }
        },
        "node_modules/undici-types": {
            "version": "5.26.5",
            "resolved": "https://registry.npmjs.org/undici-types/-/undici-types-5.26.5.tgz",
            "integrity": "sha512-JlCMO+ehdEIKqlFxk6IfVoAUVmgz7cU7zD/h9XZ0qzeosSHmUJVOzSQvvYSYWXkFXC+IfLKSIffhv0sVZup6pA==",
            "dev": true
        }
    }
}
