lockfileVersion: '9.0'

settings:
  autoInstallPeers: true
  excludeLinksFromLockfile: false

importers:

  .:
    dependencies:
      '@helios-lang/codec-utils':
        specifier: ^0.1.35
        version: 0.1.35
      '@helios-lang/crypto':
        specifier: ^0.1.14
        version: 0.1.14
      '@helios-lang/ledger':
        specifier: ^0.5.6
        version: 0.5.6
      '@helios-lang/ledger-shelley':
        specifier: ^0.1.4
        version: 0.1.4
      '@helios-lang/type-utils':
        specifier: ^0.1.23
        version: 0.1.23
      '@helios-lang/uplc':
        specifier: ^0.4.13
        version: 0.4.13
    devDependencies:
      '@types/node':
        specifier: ^20.12.4
        version: 20.16.5
      prettier:
        specifier: ^3.3.3
        version: 3.3.3
      typescript:
        specifier: ^5.6.2
        version: 5.6.2

packages:

  '@helios-lang/cbor@0.1.21':
    resolution: {integrity: sha512-EHIKmN1fDPtEwjvPHCjCHf3JtCK2j09z6dwTiSI4HJ7sl62nr5Ti1B0/EkiKrahfKQnYl/wgtVyKoY/qgIJQMw==}

  '@helios-lang/codec-utils@0.1.35':
    resolution: {integrity: sha512-nTIcjbpzcpOIhLWqtkfvsw97euI/5rdTVTU2nUrQ6fiJcVTGMF32VI3Bd4eWwTTlbtVUarIMNOn9yb0Ln22kqA==}

  '@helios-lang/compiler-utils@0.1.57':
    resolution: {integrity: sha512-gsgpIz3ZrbWDIwsT0CehxkYmxqaS/3uMFlTE0ffUjvGEAd2aOHyvb+/8HeDlvWr8ftQ7Micrus/hABgfbyA28Q==}

  '@helios-lang/compiler-utils@0.1.61':
    resolution: {integrity: sha512-/35uhh51Swy/grPJC/P34sbw8Fho10QfI2WXl8tjzcurAnzPSOuwwoXrrNkSI/oYzZuawLecmIuuVAzBnxEFEg==}

  '@helios-lang/crypto@0.1.14':
    resolution: {integrity: sha512-86Q+saQoX10RfeAfLXRZt0UTgNmZFREnHnmjGnyKgPYGWNHhVKfn20+k4CDn03Kaa5rIrWh+iN+irsB4+Hv4Mg==}

  '@helios-lang/era@0.1.2':
    resolution: {integrity: sha512-zthxic/tg/zpnEHX27n1ij/jGpXNq23B/cJRB3ZuTqbD2+54XzcKbqx2INFgGSZJCYBLiKYpmctKFBn+zrNftw==}

  '@helios-lang/ledger-allegra@0.1.2':
    resolution: {integrity: sha512-ueVqRcawh/X/rO/pi01bul+1I56PyoYoOeoda+J0+OZSnt2IGe00EwXE1LlHftkAO71DjisV2Q7iqf/eqSRwxA==}

  '@helios-lang/ledger-alonzo@0.1.5':
    resolution: {integrity: sha512-zN+fs+xoHifQqJ0QXYz6qGMFR2hoMGsxuYzlgrXvb1uDfQlJqVDB4ktLtazDy92hfUW+d21z7rJItv5eV5uH5A==}

  '@helios-lang/ledger-babbage@0.3.8':
    resolution: {integrity: sha512-pXFvg2h95QCKDswM7Vy/4ETFnrKxhqBWVNOwy4YLOOWElzevASstHoLaneXV++Uebqoohfx6hKCvhrE3+cxyLg==}

  '@helios-lang/ledger-conway@0.2.7':
    resolution: {integrity: sha512-mW32RX5vxy3cn7Wr13b9/Mb5CzVq9mm8tiZiEZ37x+twHcs0O2pxNy6ikfupnhXM7nc0r5WvYkB6Ahpc5caizg==}

  '@helios-lang/ledger-shelley@0.1.4':
    resolution: {integrity: sha512-A86U4pVs7gqAc7Y/Um8EkAc/jEDen3I64hYOkA88wfc28gx360foW1F/bBidA7GM4fSBSwnvm5pn26AhLzHrMw==}

  '@helios-lang/ledger@0.5.6':
    resolution: {integrity: sha512-Xk9dfAFdOE99cIUJ8nT3JZTmTrY3vWmFw3GbXxY3J/S51uh13lnDlmD8dmMKTR3z9vVmKu94k8pGqBYI72uKJg==}

  '@helios-lang/type-utils@0.1.23':
    resolution: {integrity: sha512-e1DSeHpFpOz2oHk5OZQcuWMkwicr4KM7lgwtnPinxGitpxpf/iiSP8EtUUT6IxxADR3p1WsE+NXsYKdU7j+3aw==}

  '@helios-lang/uplc@0.1.38':
    resolution: {integrity: sha512-WSKLK7AkZDoFiPYu6DwA5oOevd7QljhVHyQCI3CljgX3Wkok/PdO6mPXYHxeA8B7ItnHhx0OXo05uRgakTZNMw==}

  '@helios-lang/uplc@0.3.13':
    resolution: {integrity: sha512-cg5Lrd7RPabjCtlaMEGYai4/Ar4PlB+WluS/6ZJU6iutryDwScz2X7/y930nOT388SjPJk2DgX9DrzDLtHyhEQ==}

  '@helios-lang/uplc@0.4.13':
    resolution: {integrity: sha512-U2NcjXYXEqPuR7sCyML3BTf6UoeQ6R0jNXg8Do5i0c5xbJtrOEq5hnXGNqms72j8CCkFi4aUq9ZhQbcwQvFcJg==}

  '@types/node@20.16.5':
    resolution: {integrity: sha512-VwYCweNo3ERajwy0IUlqqcyZ8/A7Zwa9ZP3MnENWcB11AejO+tLy3pu850goUW2FC/IJMdZUfKpX/yxL1gymCA==}

  prettier@3.3.3:
    resolution: {integrity: sha512-i2tDNA0O5IrMO757lfrdQZCc2jPNDVntV0m/+4whiDfWaTKfMNgR7Qz0NAeGz/nRqF4m5/6CLzbP4/liHt12Ew==}
    engines: {node: '>=14'}
    hasBin: true

  typescript@5.6.2:
    resolution: {integrity: sha512-NW8ByodCSNCwZeghjN3o+JX5OFH0Ojg6sadjEKY4huZ52TqbJTJnDo5+Tw98lSy63NZvi4n+ez5m2u5d4PkZyw==}
    engines: {node: '>=14.17'}
    hasBin: true

  undici-types@6.19.8:
    resolution: {integrity: sha512-ve2KP6f/JnbPBFyobGHuerC9g1FYGn/F8n1LWTwNxCEzd6IfqTwUQcNXgEtmmQ6DlRrC1hrSrBnCZPokRrDHjw==}

snapshots:

  '@helios-lang/cbor@0.1.21':
    dependencies:
      '@helios-lang/codec-utils': 0.1.35
      '@helios-lang/type-utils': 0.1.23

  '@helios-lang/codec-utils@0.1.35': {}

  '@helios-lang/compiler-utils@0.1.57':
    dependencies:
      '@helios-lang/codec-utils': 0.1.35
      '@helios-lang/type-utils': 0.1.23

  '@helios-lang/compiler-utils@0.1.61':
    dependencies:
      '@helios-lang/codec-utils': 0.1.35
      '@helios-lang/type-utils': 0.1.23

  '@helios-lang/crypto@0.1.14':
    dependencies:
      '@helios-lang/codec-utils': 0.1.35

  '@helios-lang/era@0.1.2': {}

  '@helios-lang/ledger-allegra@0.1.2':
    dependencies:
      '@helios-lang/cbor': 0.1.21
      '@helios-lang/codec-utils': 0.1.35
      '@helios-lang/crypto': 0.1.14
      '@helios-lang/ledger-shelley': 0.1.4
      '@helios-lang/uplc': 0.3.13

  '@helios-lang/ledger-alonzo@0.1.5':
    dependencies:
      '@helios-lang/uplc': 0.1.38

  '@helios-lang/ledger-babbage@0.3.8':
    dependencies:
      '@helios-lang/cbor': 0.1.21
      '@helios-lang/codec-utils': 0.1.35
      '@helios-lang/crypto': 0.1.14
      '@helios-lang/ledger-allegra': 0.1.2
      '@helios-lang/ledger-alonzo': 0.1.5
      '@helios-lang/ledger-shelley': 0.1.4
      '@helios-lang/type-utils': 0.1.23
      '@helios-lang/uplc': 0.4.13

  '@helios-lang/ledger-conway@0.2.7':
    dependencies:
      '@helios-lang/cbor': 0.1.21
      '@helios-lang/codec-utils': 0.1.35
      '@helios-lang/crypto': 0.1.14
      '@helios-lang/ledger-alonzo': 0.1.5
      '@helios-lang/ledger-babbage': 0.3.8
      '@helios-lang/ledger-shelley': 0.1.4
      '@helios-lang/type-utils': 0.1.23
      '@helios-lang/uplc': 0.4.13

  '@helios-lang/ledger-shelley@0.1.4':
    dependencies:
      '@helios-lang/cbor': 0.1.21
      '@helios-lang/codec-utils': 0.1.35
      '@helios-lang/type-utils': 0.1.23
      '@helios-lang/uplc': 0.3.13

  '@helios-lang/ledger@0.5.6':
    dependencies:
      '@helios-lang/ledger-conway': 0.2.7

  '@helios-lang/type-utils@0.1.23': {}

  '@helios-lang/uplc@0.1.38':
    dependencies:
      '@helios-lang/cbor': 0.1.21
      '@helios-lang/codec-utils': 0.1.35
      '@helios-lang/compiler-utils': 0.1.57
      '@helios-lang/crypto': 0.1.14
      '@helios-lang/era': 0.1.2
      '@helios-lang/type-utils': 0.1.23

  '@helios-lang/uplc@0.3.13':
    dependencies:
      '@helios-lang/cbor': 0.1.21
      '@helios-lang/codec-utils': 0.1.35
      '@helios-lang/compiler-utils': 0.1.57
      '@helios-lang/crypto': 0.1.14
      '@helios-lang/era': 0.1.2
      '@helios-lang/type-utils': 0.1.23

  '@helios-lang/uplc@0.4.13':
    dependencies:
      '@helios-lang/cbor': 0.1.21
      '@helios-lang/codec-utils': 0.1.35
      '@helios-lang/compiler-utils': 0.1.61
      '@helios-lang/crypto': 0.1.14
      '@helios-lang/era': 0.1.2
      '@helios-lang/type-utils': 0.1.23

  '@types/node@20.16.5':
    dependencies:
      undici-types: 6.19.8

  prettier@3.3.3: {}

  typescript@5.6.2: {}

  undici-types@6.19.8: {}
