lockfileVersion: '9.0'

settings:
  autoInstallPeers: true
  excludeLinksFromLockfile: false

importers:

  .:
    dependencies:
      '@helios-lang/codec-utils':
        specifier: ^0.2.1
        version: 0.2.1
      '@helios-lang/crypto':
        specifier: ^0.1.17
        version: 0.1.17
      '@helios-lang/ledger':
        specifier: ^0.5.13
        version: 0.5.13
      '@helios-lang/ledger-shelley':
        specifier: ^0.1.5
        version: 0.1.5
      '@helios-lang/type-utils':
        specifier: ^0.2.8
        version: 0.2.8
      '@helios-lang/uplc':
        specifier: ^0.6.1
        version: 0.6.1
    devDependencies:
      '@types/node':
        specifier: ^20.12.4
        version: 20.16.5
      prettier:
        specifier: ^3.3.3
        version: 3.3.3
      typescript:
        specifier: ^5.6.2
        version: 5.6.2

packages:

  '@helios-lang/cbor@0.2.1':
    resolution: {integrity: sha512-hWl3qLo2/XIQcM6SFk+3MGL2WBrv9QCxAlkfs/SawV+i9SzcFxqkMtm8okiaFEoU+A+WSX/62deV2IpcSmM/Yw==}

  '@helios-lang/codec-utils@0.2.1':
    resolution: {integrity: sha512-KM+OsiLp2j7po5y2pFv/ybncOlqek0M6IiWpxDVZdN2gc7d6DwPWQaLjZEbelMHWxObO2M7c16CgsZXutdxtXg==}

  '@helios-lang/compiler-utils@0.2.1':
    resolution: {integrity: sha512-7/1HqZ+uE/qVDS+7MfTwpoY1UzXTWDV6wBrQLIaaSzZKxDSj7DFmoILgtnSHvLO/zKCiluAa01Y3fEx2XMkOzg==}

  '@helios-lang/crypto@0.1.17':
    resolution: {integrity: sha512-lryz+8fiBHoafb8Cb50rD0mzKrod0RKlsMsHmtg23JBbwAzrgaNx+3D4adZgZakXv16ttR0veUs4IqCYJSOniw==}

  '@helios-lang/era@0.1.4':
    resolution: {integrity: sha512-wBV/qDLvfSwSywaQlo1EdnVhMW7XBSS2AnaOFmpLS/RrA75arn7ngf+MbEsfjQ1qayIPOPdL96M6vzPtauttWA==}

  '@helios-lang/ledger-allegra@0.1.3':
    resolution: {integrity: sha512-PVsCjFdu66GAMyWHFNR5iEOJEr3+UPkz2Bi4CNHZ6dVJ1z7u+xnrr30NWYlbS+b1cRyzBkiKFcX0E3nMLmpumg==}

  '@helios-lang/ledger-alonzo@0.1.6':
    resolution: {integrity: sha512-iTu5uiFR2iEwN3LiM8ewarMEkvmyLSaf1zAFBHetxxmrZs3W7Tn0W5qpx8XjIaKwX7k5r+5Y4TqvIiiuAxIf8Q==}

  '@helios-lang/ledger-babbage@0.3.14':
    resolution: {integrity: sha512-QmeoPceN2J+YGHii5jBbE1LKKI08+zuEj0KwOXmBwAQNMUlI8QHLw4qYWTLBSAANwc6R24NvlbD4wEw1IUmCng==}

  '@helios-lang/ledger-conway@0.2.14':
    resolution: {integrity: sha512-tS0i1IzDJe8unxH0ARpnjc6SdgDeUWWAtaD/wDPFl7S92Do3XrO8y9fqHQ/eCbqnc0An1f4cVTWB1Yx/mCNrjw==}

  '@helios-lang/ledger-shelley@0.1.5':
    resolution: {integrity: sha512-Ey2xqpFnCKNUmoKi6rB1gJhdf0H8yigMA0RnWzZRgoTAlJy+73csoHePvHzD1oZB4Cwtp3RaVE5MTX9OsSy1Rg==}

  '@helios-lang/ledger@0.5.13':
    resolution: {integrity: sha512-ZLKBd3zI2CiDlf3J5BeW/cmjb++Qv0XEYgr8s4UUlLwIQc8a05xjVY0ZMpxevqFb5BjceJDyVonewe/Y0Uv4nw==}

  '@helios-lang/type-utils@0.1.25':
    resolution: {integrity: sha512-tOqyBWtaI6n/xhfaZr8cnL+Syv0X5whbxpzPLayfDwllI9el54fQ4P4e8CUUm2ls8WNSAgC9razCd2Q3qnMwlA==}

  '@helios-lang/type-utils@0.2.8':
    resolution: {integrity: sha512-ldtxPIZbE2TbbiFvvTqgiHng1uWmZj0w8z4yMMxPH79R+qt+romAOOmUXVdAN6YM2cA3yiE4lRlRpyGlVEQNMw==}

  '@helios-lang/uplc@0.6.1':
    resolution: {integrity: sha512-6edSDD3zQ1suOudu9bs5hhCn/tu3bYt+/NpNT0rsuduYcnRrXABX5fGIXBPA34m+g5FJ/1XeO8MStreJTGpZDA==}

  '@types/node@20.16.5':
    resolution: {integrity: sha512-VwYCweNo3ERajwy0IUlqqcyZ8/A7Zwa9ZP3MnENWcB11AejO+tLy3pu850goUW2FC/IJMdZUfKpX/yxL1gymCA==}

  prettier@3.3.3:
    resolution: {integrity: sha512-i2tDNA0O5IrMO757lfrdQZCc2jPNDVntV0m/+4whiDfWaTKfMNgR7Qz0NAeGz/nRqF4m5/6CLzbP4/liHt12Ew==}
    engines: {node: '>=14'}
    hasBin: true

  typescript@5.6.2:
    resolution: {integrity: sha512-NW8ByodCSNCwZeghjN3o+JX5OFH0Ojg6sadjEKY4huZ52TqbJTJnDo5+Tw98lSy63NZvi4n+ez5m2u5d4PkZyw==}
    engines: {node: '>=14.17'}
    hasBin: true

  undici-types@6.19.8:
    resolution: {integrity: sha512-ve2KP6f/JnbPBFyobGHuerC9g1FYGn/F8n1LWTwNxCEzd6IfqTwUQcNXgEtmmQ6DlRrC1hrSrBnCZPokRrDHjw==}

snapshots:

  '@helios-lang/cbor@0.2.1':
    dependencies:
      '@helios-lang/codec-utils': 0.2.1
      '@helios-lang/type-utils': 0.1.25

  '@helios-lang/codec-utils@0.2.1': {}

  '@helios-lang/compiler-utils@0.2.1':
    dependencies:
      '@helios-lang/codec-utils': 0.2.1
      '@helios-lang/type-utils': 0.1.25

  '@helios-lang/crypto@0.1.17':
    dependencies:
      '@helios-lang/codec-utils': 0.2.1

  '@helios-lang/era@0.1.4': {}

  '@helios-lang/ledger-allegra@0.1.3':
    dependencies:
      '@helios-lang/cbor': 0.2.1
      '@helios-lang/codec-utils': 0.2.1
      '@helios-lang/crypto': 0.1.17
      '@helios-lang/ledger-shelley': 0.1.5
      '@helios-lang/type-utils': 0.1.25
      '@helios-lang/uplc': 0.6.1

  '@helios-lang/ledger-alonzo@0.1.6': {}

  '@helios-lang/ledger-babbage@0.3.14':
    dependencies:
      '@helios-lang/cbor': 0.2.1
      '@helios-lang/codec-utils': 0.2.1
      '@helios-lang/crypto': 0.1.17
      '@helios-lang/ledger-allegra': 0.1.3
      '@helios-lang/ledger-alonzo': 0.1.6
      '@helios-lang/ledger-shelley': 0.1.5
      '@helios-lang/type-utils': 0.1.25
      '@helios-lang/uplc': 0.6.1

  '@helios-lang/ledger-conway@0.2.14':
    dependencies:
      '@helios-lang/cbor': 0.2.1
      '@helios-lang/codec-utils': 0.2.1
      '@helios-lang/crypto': 0.1.17
      '@helios-lang/ledger-alonzo': 0.1.6
      '@helios-lang/ledger-babbage': 0.3.14
      '@helios-lang/ledger-shelley': 0.1.5
      '@helios-lang/type-utils': 0.1.25
      '@helios-lang/uplc': 0.6.1

  '@helios-lang/ledger-shelley@0.1.5':
    dependencies:
      '@helios-lang/cbor': 0.2.1
      '@helios-lang/codec-utils': 0.2.1
      '@helios-lang/type-utils': 0.1.25
      '@helios-lang/uplc': 0.6.1

  '@helios-lang/ledger@0.5.13':
    dependencies:
      '@helios-lang/ledger-conway': 0.2.14

  '@helios-lang/type-utils@0.1.25': {}

  '@helios-lang/type-utils@0.2.8': {}

  '@helios-lang/uplc@0.6.1':
    dependencies:
      '@helios-lang/cbor': 0.2.1
      '@helios-lang/codec-utils': 0.2.1
      '@helios-lang/compiler-utils': 0.2.1
      '@helios-lang/crypto': 0.1.17
      '@helios-lang/era': 0.1.4
      '@helios-lang/type-utils': 0.1.25

  '@types/node@20.16.5':
    dependencies:
      undici-types: 6.19.8

  prettier@3.3.3: {}

  typescript@5.6.2: {}

  undici-types@6.19.8: {}
